
Microsoft Visual Studio Solution File, Format Version 12.00
# Visual Studio Version 17
VisualStudioVersion = 17.0.31903.59
MinimumVisualStudioVersion = 10.0.40219.1
Project("{FAE04EC0-301F-11D3-BF4B-00C04F79EFBC}") = "AG ViajeCaballo A1", "AG ViajeCaballo A1\AG ViajeCaballo A1.csproj", "{DBF2242B-14FD-4C6B-98C0-CE87F15AC3D4}"
EndProject
Global
	GlobalSection(SolutionConfigurationPlatforms) = preSolution
		Debug|Any CPU = Debug|Any CPU
		Release|Any CPU = Release|Any CPU
	EndGlobalSection
	GlobalSection(SolutionProperties) = preSolution
		HideSolutionNode = FALSE
	EndGlobalSection
	GlobalSection(ProjectConfigurationPlatforms) = postSolution
		{DBF2242B-14FD-4C6B-98C0-CE87F15AC3D4}.Debug|Any CPU.ActiveCfg = Debug|Any CPU
		{DBF2242B-14FD-4C6B-98C0-CE87F15AC3D4}.Debug|Any CPU.Build.0 = Debug|Any CPU
		{DBF2242B-14FD-4C6B-98C0-CE87F15AC3D4}.Release|Any CPU.ActiveCfg = Release|Any CPU
		{DBF2242B-14FD-4C6B-98C0-CE87F15AC3D4}.Release|Any CPU.Build.0 = Release|Any CPU
	EndGlobalSection
EndGlobal
